{
  "name": "nodebb-widget-hlstats",
  "version": "1.0.0",
  "lockfileVersion": 1,
  "requires": true,
  "dependencies": {
    "clone": {
      "version": "2.1.2",
      "resolved": "https://registry.npmjs.org/clone/-/clone-2.1.2.tgz",
      "integrity": "sha1-G39Ln1kfHo+DZwQBYANFoCiHQ18="
    },
    "lodash": {
      "version": "4.17.5",
      "resolved": "https://registry.npmjs.org/lodash/-/lodash-4.17.5.tgz",
      "integrity": "sha512-svL3uiZf1RwhH+cWrfZn3A4+U58wbP0tGVTLQPbjplZxZ8ROD9VLuNgsRniTlLe7OlSqR79RUehXgpBW/s0IQw=="
    },
    "node-cache": {
      "version": "4.2.0",
      "resolved": "https://registry.npmjs.org/node-cache/-/node-cache-4.2.0.tgz",
      "integrity": "sha512-obRu6/f7S024ysheAjoYFEEBqqDWv4LOMNJEuO8vMeEw2AT4z+NCzO4hlc2lhI4vATzbCQv6kke9FVdx0RbCOw==",
      "requires": {
        "clone": "2.1.2",
        "lodash": "4.17.5"
      }
    }
  }
}
